
Microsoft Visual Studio Solution File, Format Version 12.00
# Visual Studio Version 17
VisualStudioVersion = 17.9.34728.123
MinimumVisualStudioVersion = 10.0.40219.1
Project("{FAE04EC0-301F-11D3-BF4B-00C04F79EFBC}") = "LocalFeatureFlag", "LocalFeatureFlag\LocalFeatureFlag.csproj", "{DE00173C-78F4-4CBB-BE08-629ACB493E32}"
EndProject
Global
	GlobalSection(SolutionConfigurationPlatforms) = preSolution
		Debug|Any CPU = Debug|Any CPU
		Release|Any CPU = Release|Any CPU
	EndGlobalSection
	GlobalSection(ProjectConfigurationPlatforms) = postSolution
		{DE00173C-78F4-4CBB-BE08-629ACB493E32}.Debug|Any CPU.ActiveCfg = Debug|Any CPU
		{DE00173C-78F4-4CBB-BE08-629ACB493E32}.Debug|Any CPU.Build.0 = Debug|Any CPU
		{DE00173C-78F4-4CBB-BE08-629ACB493E32}.Release|Any CPU.ActiveCfg = Release|Any CPU
		{DE00173C-78F4-4CBB-BE08-629ACB493E32}.Release|Any CPU.Build.0 = Release|Any CPU
	EndGlobalSection
	GlobalSection(SolutionProperties) = preSolution
		HideSolutionNode = FALSE
	EndGlobalSection
	GlobalSection(ExtensibilityGlobals) = postSolution
		SolutionGuid = {88B3DA04-6703-4371-87D4-7AA184465D33}
	EndGlobalSection
EndGlobal
